// !$*UTF8*$!
{
	archiveVersion = 1;
	classes = {
	};
	objectVersion = 46;
	objects = {

/* Begin PBXBuildFile section */
		BF0A2E821B07A2EA0018002E /* String+Extensions.swift in Sources */ = {isa = PBXBuildFile; fileRef = BF0A2E811B07A2EA0018002E /* String+Extensions.swift */; };
		BF0A2E841B07B10A0018002E /* UIViewController+Extensions.swift in Sources */ = {isa = PBXBuildFile; fileRef = BF0A2E831B07B10A0018002E /* UIViewController+Extensions.swift */; };
		BF0A2E861B08ED3E0018002E /* TabBarController.swift in Sources */ = {isa = PBXBuildFile; fileRef = BF0A2E851B08ED3E0018002E /* TabBarController.swift */; };
		BF504ACB1AD1D4810032BDC8 /* AuthViewController.swift in Sources */ = {isa = PBXBuildFile; fileRef = BF504AC91AD1D4810032BDC8 /* AuthViewController.swift */; };
		BF504ACC1AD1D4810032BDC8 /* AuthViewController.xib in Resources */ = {isa = PBXBuildFile; fileRef = BF504ACA1AD1D4810032BDC8 /* AuthViewController.xib */; };
		BFA72F2A1AD196340091167B /* AppDelegate.swift in Sources */ = {isa = PBXBuildFile; fileRef = BFA72F291AD196340091167B /* AppDelegate.swift */; };
		BFA72F311AD196340091167B /* Images.xcassets in Resources */ = {isa = PBXBuildFile; fileRef = BFA72F301AD196340091167B /* Images.xcassets */; };
		BFA72F341AD196340091167B /* LaunchScreen.xib in Resources */ = {isa = PBXBuildFile; fileRef = BFA72F321AD196340091167B /* LaunchScreen.xib */; };
		BFA72F4B1AD1A10F0091167B /* Bolts.framework in Frameworks */ = {isa = PBXBuildFile; fileRef = BFA72F491AD1A10F0091167B /* Bolts.framework */; };
		BFA72F4C1AD1A10F0091167B /* Parse.framework in Frameworks */ = {isa = PBXBuildFile; fileRef = BFA72F4A1AD1A10F0091167B /* Parse.framework */; };
		BFA72F4E1AD1A1540091167B /* AudioToolbox.framework in Frameworks */ = {isa = PBXBuildFile; fileRef = BFA72F4D1AD1A1540091167B /* AudioToolbox.framework */; };
		BFA72F501AD1A15C0091167B /* CFNetwork.framework in Frameworks */ = {isa = PBXBuildFile; fileRef = BFA72F4F1AD1A15C0091167B /* CFNetwork.framework */; };
		BFA72F521AD1A1690091167B /* CoreGraphics.framework in Frameworks */ = {isa = PBXBuildFile; fileRef = BFA72F511AD1A1690091167B /* CoreGraphics.framework */; };
		BFA72F541AD1A1700091167B /* CoreLocation.framework in Frameworks */ = {isa = PBXBuildFile; fileRef = BFA72F531AD1A1700091167B /* CoreLocation.framework */; };
		BFA72F561AD1A17E0091167B /* libz.dylib in Frameworks */ = {isa = PBXBuildFile; fileRef = BFA72F551AD1A17E0091167B /* libz.dylib */; };
		BFA72F581AD1A1990091167B /* MobileCoreServices.framework in Frameworks */ = {isa = PBXBuildFile; fileRef = BFA72F571AD1A1990091167B /* MobileCoreServices.framework */; };
		BFA72F5A1AD1A1A00091167B /* QuartzCore.framework in Frameworks */ = {isa = PBXBuildFile; fileRef = BFA72F591AD1A1A00091167B /* QuartzCore.framework */; };
		BFA72F5C1AD1A1A50091167B /* Security.framework in Frameworks */ = {isa = PBXBuildFile; fileRef = BFA72F5B1AD1A1A50091167B /* Security.framework */; };
		BFA72F5E1AD1A1AA0091167B /* StoreKit.framework in Frameworks */ = {isa = PBXBuildFile; fileRef = BFA72F5D1AD1A1AA0091167B /* StoreKit.framework */; };
		BFA72F601AD1A1B40091167B /* SystemConfiguration.framework in Frameworks */ = {isa = PBXBuildFile; fileRef = BFA72F5F1AD1A1B40091167B /* SystemConfiguration.framework */; };
		BFA72F651AD1AA360091167B /* libsqlite3.dylib in Frameworks */ = {isa = PBXBuildFile; fileRef = BFA72F641AD1AA360091167B /* libsqlite3.dylib */; };
		BFA72F691AD1B8900091167B /* StartViewController.swift in Sources */ = {isa = PBXBuildFile; fileRef = BFA72F671AD1B8900091167B /* StartViewController.swift */; };
		BFA72F6A1AD1B8900091167B /* StartViewController.xib in Resources */ = {isa = PBXBuildFile; fileRef = BFA72F681AD1B8900091167B /* StartViewController.xib */; };
		BFC9666F1AD3609F002087E4 /* Default-568h@2x.png in Resources */ = {isa = PBXBuildFile; fileRef = BFC9666E1AD3609F002087E4 /* Default-568h@2x.png */; };
/* End PBXBuildFile section */

/* Begin PBXFileReference section */
		BF0A2E811B07A2EA0018002E /* String+Extensions.swift */ = {isa = PBXFileReference; fileEncoding = 4; lastKnownFileType = sourcecode.swift; path = "String+Extensions.swift"; sourceTree = "<group>"; };
		BF0A2E831B07B10A0018002E /* UIViewController+Extensions.swift */ = {isa = PBXFileReference; fileEncoding = 4; lastKnownFileType = sourcecode.swift; path = "UIViewController+Extensions.swift"; sourceTree = "<group>"; };
		BF0A2E851B08ED3E0018002E /* TabBarController.swift */ = {isa = PBXFileReference; fileEncoding = 4; lastKnownFileType = sourcecode.swift; path = TabBarController.swift; sourceTree = "<group>"; };
		BF504AC91AD1D4810032BDC8 /* AuthViewController.swift */ = {isa = PBXFileReference; fileEncoding = 4; lastKnownFileType = sourcecode.swift; path = AuthViewController.swift; sourceTree = "<group>"; };
		BF504ACA1AD1D4810032BDC8 /* AuthViewController.xib */ = {isa = PBXFileReference; fileEncoding = 4; lastKnownFileType = file.xib; path = AuthViewController.xib; sourceTree = "<group>"; };
		BFA72F241AD196340091167B /* Photog.app */ = {isa = PBXFileReference; explicitFileType = wrapper.application; includeInIndex = 0; path = Photog.app; sourceTree = BUILT_PRODUCTS_DIR; };
		BFA72F291AD196340091167B /* AppDelegate.swift */ = {isa = PBXFileReference; lastKnownFileType = sourcecode.swift; path = AppDelegate.swift; sourceTree = "<group>"; };
		BFA72F301AD196340091167B /* Images.xcassets */ = {isa = PBXFileReference; lastKnownFileType = folder.assetcatalog; path = Images.xcassets; sourceTree = "<group>"; };
		BFA72F331AD196340091167B /* Base */ = {isa = PBXFileReference; lastKnownFileType = file.xib; name = Base; path = Base.lproj/LaunchScreen.xib; sourceTree = "<group>"; };
		BFA72F3F1AD196340091167B /* PhotogTests.swift */ = {isa = PBXFileReference; lastKnownFileType = sourcecode.swift; path = PhotogTests.swift; sourceTree = "<group>"; };
		BFA72F491AD1A10F0091167B /* Bolts.framework */ = {isa = PBXFileReference; lastKnownFileType = wrapper.framework; name = Bolts.framework; path = "../../parse-library-1.7.1/Bolts.framework"; sourceTree = "<group>"; };
		BFA72F4A1AD1A10F0091167B /* Parse.framework */ = {isa = PBXFileReference; lastKnownFileType = wrapper.framework; name = Parse.framework; path = "../../parse-library-1.7.1/Parse.framework"; sourceTree = "<group>"; };
		BFA72F4D1AD1A1540091167B /* AudioToolbox.framework */ = {isa = PBXFileReference; lastKnownFileType = wrapper.framework; name = AudioToolbox.framework; path = System/Library/Frameworks/AudioToolbox.framework; sourceTree = SDKROOT; };
		BFA72F4F1AD1A15C0091167B /* CFNetwork.framework */ = {isa = PBXFileReference; lastKnownFileType = wrapper.framework; name = CFNetwork.framework; path = System/Library/Frameworks/CFNetwork.framework; sourceTree = SDKROOT; };
		BFA72F511AD1A1690091167B /* CoreGraphics.framework */ = {isa = PBXFileReference; lastKnownFileType = wrapper.framework; name = CoreGraphics.framework; path = System/Library/Frameworks/CoreGraphics.framework; sourceTree = SDKROOT; };
		BFA72F531AD1A1700091167B /* CoreLocation.framework */ = {isa = PBXFileReference; lastKnownFileType = wrapper.framework; name = CoreLocation.framework; path = System/Library/Frameworks/CoreLocation.framework; sourceTree = SDKROOT; };
		BFA72F551AD1A17E0091167B /* libz.dylib */ = {isa = PBXFileReference; lastKnownFileType = "compiled.mach-o.dylib"; name = libz.dylib; path = usr/lib/libz.dylib; sourceTree = SDKROOT; };
		BFA72F571AD1A1990091167B /* MobileCoreServices.framework */ = {isa = PBXFileReference; lastKnownFileType = wrapper.framework; name = MobileCoreServices.framework; path = System/Library/Frameworks/MobileCoreServices.framework; sourceTree = SDKROOT; };
		BFA72F591AD1A1A00091167B /* QuartzCore.framework */ = {isa = PBXFileReference; lastKnownFileType = wrapper.framework; name = QuartzCore.framework; path = System/Library/Frameworks/QuartzCore.framework; sourceTree = SDKROOT; };
		BFA72F5B1AD1A1A50091167B /* Security.framework */ = {isa = PBXFileReference; lastKnownFileType = wrapper.framework; name = Security.framework; path = System/Library/Frameworks/Security.framework; sourceTree = SDKROOT; };
		BFA72F5D1AD1A1AA0091167B /* StoreKit.framework */ = {isa = PBXFileReference; lastKnownFileType = wrapper.framework; name = StoreKit.framework; path = System/Library/Frameworks/StoreKit.framework; sourceTree = SDKROOT; };
		BFA72F5F1AD1A1B40091167B /* SystemConfiguration.framework */ = {isa = PBXFileReference; lastKnownFileType = wrapper.framework; name = SystemConfiguration.framework; path = System/Library/Frameworks/SystemConfiguration.framework; sourceTree = SDKROOT; };
		BFA72F611AD1A2B60091167B /* Photog-Bridging-Header.h */ = {isa = PBXFileReference; lastKnownFileType = sourcecode.c.h; path = "Photog-Bridging-Header.h"; sourceTree = "<group>"; };
		BFA72F641AD1AA360091167B /* libsqlite3.dylib */ = {isa = PBXFileReference; lastKnownFileType = "compiled.mach-o.dylib"; name = libsqlite3.dylib; path = usr/lib/libsqlite3.dylib; sourceTree = SDKROOT; };
		BFA72F671AD1B8900091167B /* StartViewController.swift */ = {isa = PBXFileReference; fileEncoding = 4; lastKnownFileType = sourcecode.swift; path = StartViewController.swift; sourceTree = "<group>"; };
		BFA72F681AD1B8900091167B /* StartViewController.xib */ = {isa = PBXFileReference; fileEncoding = 4; lastKnownFileType = file.xib; path = StartViewController.xib; sourceTree = "<group>"; };
		BFC9666B1AD35EFF002087E4 /* Info.plist */ = {isa = PBXFileReference; fileEncoding = 4; lastKnownFileType = text.plist.xml; name = Info.plist; path = ../../../.Trash/Info.plist; sourceTree = "<group>"; };
		BFC9666E1AD3609F002087E4 /* Default-568h@2x.png */ = {isa = PBXFileReference; lastKnownFileType = image.png; path = "Default-568h@2x.png"; sourceTree = "<group>"; };
		BFC966701AD3613D002087E4 /* Info.plist */ = {isa = PBXFileReference; fileEncoding = 4; lastKnownFileType = text.plist.xml; name = Info.plist; path = ../../thing/thingTests/Info.plist; sourceTree = "<group>"; };
/* End PBXFileReference section */

/* Begin PBXFrameworksBuildPhase section */
		BFA72F211AD196340091167B /* Frameworks */ = {
			isa = PBXFrameworksBuildPhase;
			buildActionMask = 2147483647;
			files = (
				BFA72F651AD1AA360091167B /* libsqlite3.dylib in Frameworks */,
				BFA72F521AD1A1690091167B /* CoreGraphics.framework in Frameworks */,
				BFA72F541AD1A1700091167B /* CoreLocation.framework in Frameworks */,
				BFA72F5A1AD1A1A00091167B /* QuartzCore.framework in Frameworks */,
				BFA72F601AD1A1B40091167B /* SystemConfiguration.framework in Frameworks */,
				BFA72F5E1AD1A1AA0091167B /* StoreKit.framework in Frameworks */,
				BFA72F5C1AD1A1A50091167B /* Security.framework in Frameworks */,
				BFA72F581AD1A1990091167B /* MobileCoreServices.framework in Frameworks */,
				BFA72F561AD1A17E0091167B /* libz.dylib in Frameworks */,
				BFA72F501AD1A15C0091167B /* CFNetwork.framework in Frameworks */,
				BFA72F4E1AD1A1540091167B /* AudioToolbox.framework in Frameworks */,
				BFA72F4C1AD1A10F0091167B /* Parse.framework in Frameworks */,
				BFA72F4B1AD1A10F0091167B /* Bolts.framework in Frameworks */,
			);
			runOnlyForDeploymentPostprocessing = 0;
		};
/* End PBXFrameworksBuildPhase section */

/* Begin PBXGroup section */
		BF0A2E801B07A2BC0018002E /* Extensions */ = {
			isa = PBXGroup;
			children = (
				BF0A2E811B07A2EA0018002E /* String+Extensions.swift */,
				BF0A2E831B07B10A0018002E /* UIViewController+Extensions.swift */,
			);
			name = Extensions;
			sourceTree = "<group>";
		};
		BF504ACD1AD1D48D0032BDC8 /* View Controllers */ = {
			isa = PBXGroup;
			children = (
				BFA72F671AD1B8900091167B /* StartViewController.swift */,
				BFA72F681AD1B8900091167B /* StartViewController.xib */,
				BF504AC91AD1D4810032BDC8 /* AuthViewController.swift */,
				BF0A2E851B08ED3E0018002E /* TabBarController.swift */,
				BF504ACA1AD1D4810032BDC8 /* AuthViewController.xib */,
			);
			name = "View Controllers";
			sourceTree = "<group>";
		};
		BFA72F1B1AD196340091167B = {
			isa = PBXGroup;
			children = (
				BFC9666E1AD3609F002087E4 /* Default-568h@2x.png */,
				BFA72F641AD1AA360091167B /* libsqlite3.dylib */,
				BFA72F261AD196340091167B /* Photog */,
				BFA72F3C1AD196340091167B /* PhotogTests */,
				BFA72F251AD196340091167B /* Products */,
			);
			sourceTree = "<group>";
		};
		BFA72F251AD196340091167B /* Products */ = {
			isa = PBXGroup;
			children = (
				BFA72F241AD196340091167B /* Photog.app */,
			);
			name = Products;
			sourceTree = "<group>";
		};
		BFA72F261AD196340091167B /* Photog */ = {
			isa = PBXGroup;
			children = (
				BFA72F291AD196340091167B /* AppDelegate.swift */,
				BF504ACD1AD1D48D0032BDC8 /* View Controllers */,
				BFA72F301AD196340091167B /* Images.xcassets */,
				BFA72F321AD196340091167B /* LaunchScreen.xib */,
				BF0A2E801B07A2BC0018002E /* Extensions */,
				BFA72F271AD196340091167B /* Supporting Files */,
				BFA72F611AD1A2B60091167B /* Photog-Bridging-Header.h */,
				BFA72F661AD1B40E0091167B /* Frameworks */,
			);
			path = Photog;
			sourceTree = "<group>";
		};
		BFA72F271AD196340091167B /* Supporting Files */ = {
			isa = PBXGroup;
			children = (
				BFC9666B1AD35EFF002087E4 /* Info.plist */,
			);
			name = "Supporting Files";
			sourceTree = "<group>";
		};
		BFA72F3C1AD196340091167B /* PhotogTests */ = {
			isa = PBXGroup;
			children = (
				BFA72F3F1AD196340091167B /* PhotogTests.swift */,
				BFA72F3D1AD196340091167B /* Supporting Files */,
			);
			path = PhotogTests;
			sourceTree = "<group>";
		};
		BFA72F3D1AD196340091167B /* Supporting Files */ = {
			isa = PBXGroup;
			children = (
				BFC966701AD3613D002087E4 /* Info.plist */,
			);
			name = "Supporting Files";
			sourceTree = "<group>";
		};
		BFA72F661AD1B40E0091167B /* Frameworks */ = {
			isa = PBXGroup;
			children = (
				BFA72F5F1AD1A1B40091167B /* SystemConfiguration.framework */,
				BFA72F5D1AD1A1AA0091167B /* StoreKit.framework */,
				BFA72F5B1AD1A1A50091167B /* Security.framework */,
				BFA72F591AD1A1A00091167B /* QuartzCore.framework */,
				BFA72F571AD1A1990091167B /* MobileCoreServices.framework */,
				BFA72F551AD1A17E0091167B /* libz.dylib */,
				BFA72F531AD1A1700091167B /* CoreLocation.framework */,
				BFA72F511AD1A1690091167B /* CoreGraphics.framework */,
				BFA72F4F1AD1A15C0091167B /* CFNetwork.framework */,
				BFA72F4D1AD1A1540091167B /* AudioToolbox.framework */,
				BFA72F491AD1A10F0091167B /* Bolts.framework */,
				BFA72F4A1AD1A10F0091167B /* Parse.framework */,
			);
			name = Frameworks;
			sourceTree = "<group>";
		};
/* End PBXGroup section */

/* Begin PBXNativeTarget section */
		BFA72F231AD196340091167B /* Photog */ = {
			isa = PBXNativeTarget;
			buildConfigurationList = BFA72F431AD196340091167B /* Build configuration list for PBXNativeTarget "Photog" */;
			buildPhases = (
				BFA72F201AD196340091167B /* Sources */,
				BFA72F211AD196340091167B /* Frameworks */,
				BFA72F221AD196340091167B /* Resources */,
			);
			buildRules = (
			);
			dependencies = (
			);
			name = Photog;
			productName = Photog;
			productReference = BFA72F241AD196340091167B /* Photog.app */;
			productType = "com.apple.product-type.application";
		};
/* End PBXNativeTarget section */

/* Begin PBXProject section */
		BFA72F1C1AD196340091167B /* Project object */ = {
			isa = PBXProject;
			attributes = {
				LastUpgradeCheck = 0620;
				ORGANIZATIONNAME = vincent;
				TargetAttributes = {
					BFA72F231AD196340091167B = {
						CreatedOnToolsVersion = 6.2;
					};
				};
			};
			buildConfigurationList = BFA72F1F1AD196340091167B /* Build configuration list for PBXProject "Photog" */;
			compatibilityVersion = "Xcode 3.2";
			developmentRegion = English;
			hasScannedForEncodings = 0;
			knownRegions = (
				en,
				Base,
			);
			mainGroup = BFA72F1B1AD196340091167B;
			productRefGroup = BFA72F251AD196340091167B /* Products */;
			projectDirPath = "";
			projectRoot = "";
			targets = (
				BFA72F231AD196340091167B /* Photog */,
			);
		};
/* End PBXProject section */

/* Begin PBXResourcesBuildPhase section */
		BFA72F221AD196340091167B /* Resources */ = {
			isa = PBXResourcesBuildPhase;
			buildActionMask = 2147483647;
			files = (
				BF504ACC1AD1D4810032BDC8 /* AuthViewController.xib in Resources */,
				BFA72F341AD196340091167B /* LaunchScreen.xib in Resources */,
				BFA72F311AD196340091167B /* Images.xcassets in Resources */,
				BFC9666F1AD3609F002087E4 /* Default-568h@2x.png in Resources */,
				BFA72F6A1AD1B8900091167B /* StartViewController.xib in Resources */,
			);
			runOnlyForDeploymentPostprocessing = 0;
		};
/* End PBXResourcesBuildPhase section */

/* Begin PBXSourcesBuildPhase section */
		BFA72F201AD196340091167B /* Sources */ = {
			isa = PBXSourcesBuildPhase;
			buildActionMask = 2147483647;
			files = (
				BF0A2E821B07A2EA0018002E /* String+Extensions.swift in Sources */,
				BFA72F2A1AD196340091167B /* AppDelegate.swift in Sources */,
				BF0A2E841B07B10A0018002E /* UIViewController+Extensions.swift in Sources */,
				BF0A2E861B08ED3E0018002E /* TabBarController.swift in Sources */,
				BF504ACB1AD1D4810032BDC8 /* AuthViewController.swift in Sources */,
				BFA72F691AD1B8900091167B /* StartViewController.swift in Sources */,
			);
			runOnlyForDeploymentPostprocessing = 0;
		};
/* End PBXSourcesBuildPhase section */

/* Begin PBXVariantGroup section */
		BFA72F321AD196340091167B /* LaunchScreen.xib */ = {
			isa = PBXVariantGroup;
			children = (
				BFA72F331AD196340091167B /* Base */,
			);
			name = LaunchScreen.xib;
			sourceTree = "<group>";
		};
/* End PBXVariantGroup section */

/* Begin XCBuildConfiguration section */
		BFA72F411AD196340091167B /* Debug */ = {
			isa = XCBuildConfiguration;
			buildSettings = {
				ALWAYS_SEARCH_USER_PATHS = NO;
				CLANG_CXX_LANGUAGE_STANDARD = "gnu++0x";
				CLANG_CXX_LIBRARY = "libc++";
				CLANG_ENABLE_MODULES = YES;
				CLANG_ENABLE_OBJC_ARC = YES;
				CLANG_WARN_BOOL_CONVERSION = YES;
				CLANG_WARN_CONSTANT_CONVERSION = YES;
				CLANG_WARN_DIRECT_OBJC_ISA_USAGE = YES_ERROR;
				CLANG_WARN_EMPTY_BODY = YES;
				CLANG_WARN_ENUM_CONVERSION = YES;
				CLANG_WARN_INT_CONVERSION = YES;
				CLANG_WARN_OBJC_ROOT_CLASS = YES_ERROR;
				CLANG_WARN_UNREACHABLE_CODE = YES;
				CLANG_WARN__DUPLICATE_METHOD_MATCH = YES;
				"CODE_SIGN_IDENTITY[sdk=iphoneos*]" = "iPhone Developer";
				COPY_PHASE_STRIP = NO;
				ENABLE_STRICT_OBJC_MSGSEND = YES;
				GCC_C_LANGUAGE_STANDARD = gnu99;
				GCC_DYNAMIC_NO_PIC = NO;
				GCC_OPTIMIZATION_LEVEL = 0;
				GCC_PREPROCESSOR_DEFINITIONS = (
					"DEBUG=1",
					"$(inherited)",
				);
				GCC_SYMBOLS_PRIVATE_EXTERN = NO;
				GCC_WARN_64_TO_32_BIT_CONVERSION = YES;
				GCC_WARN_ABOUT_RETURN_TYPE = YES_ERROR;
				GCC_WARN_UNDECLARED_SELECTOR = YES;
				GCC_WARN_UNINITIALIZED_AUTOS = YES_AGGRESSIVE;
				GCC_WARN_UNUSED_FUNCTION = YES;
				GCC_WARN_UNUSED_VARIABLE = YES;
				IPHONEOS_DEPLOYMENT_TARGET = 8.2;
				MTL_ENABLE_DEBUG_INFO = YES;
				ONLY_ACTIVE_ARCH = YES;
				SDKROOT = iphoneos;
				SWIFT_OPTIMIZATION_LEVEL = "-Onone";
			};
			name = Debug;
		};
		BFA72F421AD196340091167B /* Release */ = {
			isa = XCBuildConfiguration;
			buildSettings = {
				ALWAYS_SEARCH_USER_PATHS = NO;
				CLANG_CXX_LANGUAGE_STANDARD = "gnu++0x";
				CLANG_CXX_LIBRARY = "libc++";
				CLANG_ENABLE_MODULES = YES;
				CLANG_ENABLE_OBJC_ARC = YES;
				CLANG_WARN_BOOL_CONVERSION = YES;
				CLANG_WARN_CONSTANT_CONVERSION = YES;
				CLANG_WARN_DIRECT_OBJC_ISA_USAGE = YES_ERROR;
				CLANG_WARN_EMPTY_BODY = YES;
				CLANG_WARN_ENUM_CONVERSION = YES;
				CLANG_WARN_INT_CONVERSION = YES;
				CLANG_WARN_OBJC_ROOT_CLASS = YES_ERROR;
				CLANG_WARN_UNREACHABLE_CODE = YES;
				CLANG_WARN__DUPLICATE_METHOD_MATCH = YES;
				"CODE_SIGN_IDENTITY[sdk=iphoneos*]" = "iPhone Developer";
				COPY_PHASE_STRIP = NO;
				ENABLE_NS_ASSERTIONS = NO;
				ENABLE_STRICT_OBJC_MSGSEND = YES;
				GCC_C_LANGUAGE_STANDARD = gnu99;
				GCC_WARN_64_TO_32_BIT_CONVERSION = YES;
				GCC_WARN_ABOUT_RETURN_TYPE = YES_ERROR;
				GCC_WARN_UNDECLARED_SELECTOR = YES;
				GCC_WARN_UNINITIALIZED_AUTOS = YES_AGGRESSIVE;
				GCC_WARN_UNUSED_FUNCTION = YES;
				GCC_WARN_UNUSED_VARIABLE = YES;
				IPHONEOS_DEPLOYMENT_TARGET = 8.2;
				MTL_ENABLE_DEBUG_INFO = NO;
				SDKROOT = iphoneos;
				VALIDATE_PRODUCT = YES;
			};
			name = Release;
		};
		BFA72F441AD196340091167B /* Debug */ = {
			isa = XCBuildConfiguration;
			buildSettings = {
				ASSETCATALOG_COMPILER_APPICON_NAME = AppIcon;
				CLANG_ENABLE_MODULES = YES;
				FRAMEWORK_SEARCH_PATHS = (
					"$(inherited)",
					"/Users/vincent/Desktop/parse-library-1.7.1",
				);
				INFOPLIST_FILE = "$(SRCROOT)/../../.Trash/Info.plist";
				LD_RUNPATH_SEARCH_PATHS = "$(inherited) @executable_path/Frameworks";
				PRODUCT_NAME = "$(TARGET_NAME)";
				SWIFT_OBJC_BRIDGING_HEADER = "Photog/Photog-Bridging-Header.h";
				SWIFT_OPTIMIZATION_LEVEL = "-Onone";
			};
			name = Debug;
		};
		BFA72F451AD196340091167B /* Release */ = {
			isa = XCBuildConfiguration;
			buildSettings = {
				ASSETCATALOG_COMPILER_APPICON_NAME = AppIcon;
				CLANG_ENABLE_MODULES = YES;
				FRAMEWORK_SEARCH_PATHS = (
					"$(inherited)",
					"/Users/vincent/Desktop/parse-library-1.7.1",
				);
				INFOPLIST_FILE = "$(SRCROOT)/../../.Trash/Info.plist";
				LD_RUNPATH_SEARCH_PATHS = "$(inherited) @executable_path/Frameworks";
				PRODUCT_NAME = "$(TARGET_NAME)";
				SWIFT_OBJC_BRIDGING_HEADER = "Photog/Photog-Bridging-Header.h";
			};
			name = Release;
		};
/* End XCBuildConfiguration section */

/* Begin XCConfigurationList section */
		BFA72F1F1AD196340091167B /* Build configuration list for PBXProject "Photog" */ = {
			isa = XCConfigurationList;
			buildConfigurations = (
				BFA72F411AD196340091167B /* Debug */,
				BFA72F421AD196340091167B /* Release */,
			);
			defaultConfigurationIsVisible = 0;
			defaultConfigurationName = Release;
		};
		BFA72F431AD196340091167B /* Build configuration list for PBXNativeTarget "Photog" */ = {
			isa = XCConfigurationList;
			buildConfigurations = (
				BFA72F441AD196340091167B /* Debug */,
				BFA72F451AD196340091167B /* Release */,
			);
			defaultConfigurationIsVisible = 0;
			defaultConfigurationName = Release;
		};
/* End XCConfigurationList section */
	};
	rootObject = BFA72F1C1AD196340091167B /* Project object */;
}
